github.com/egovorukhin/egoconfigurator v0.1.6 h1:28e5M64VX4UxGYp8HlZBCilkE4LPI4Um4w7A8ZIXtMc=
github.com/egovorukhin/egoconfigurator v0.1.6/go.mod h1:gKPEdbF2QAvH55n8rZSOT0/tvwcf10/P+yveUyjUOYs=
github.com/egovorukhin/egoconfigurator v1.0.1 h1:Qv91LppFKQTf6FNQk3AiFv+VSQ1mCW4uB3iQAfA5h+s=
github.com/egovorukhin/egoconfigurator v1.0.1/go.mod h1:9bV6x31zNO2rvm/bi0HOlIviu+1aTMtLDAuskz0D9UQ=
github.com/egovorukhin/egoconfigurator v1.0.3 h1:C+IENhEZW5Seg36CENgLcb+xvmC8FdeO+BRTEjzht2M=
github.com/egovorukhin/egoconfigurator v1.0.3/go.mod h1:9bV6x31zNO2rvm/bi0HOlIviu+1aTMtLDAuskz0D9UQ=
github.com/egovorukhin/egoconfigurator v1.0.4 h1:/J1B+c8+A04o8zO3LF9m0UYbb+CFQCClDn9+JUbkrdw=
github.com/egovorukhin/egoconfigurator v1.0.4/go.mod h1:9bV6x31zNO2rvm/bi0HOlIviu+1aTMtLDAuskz0D9UQ=
github.com/egovorukhin/egologger v1.0.1 h1:m5prqFiGVC/LxHWkz/SPELLzPuoq7o7XXK+Zp3il0Bk=
github.com/egovorukhin/egologger v1.0.1/go.mod h1:5b/qeZS0WBUGNwYCNtpNrkl8XepDqb/n7gvEabzBshg=
github.com/gorilla/mux v1.7.4 h1:VuZ8uybHlWmqV03+zRzdwKL4tUnIp1MAQtp1mIFE1bc=
github.com/gorilla/mux v1.7.4/go.mod h1:DVbg23sWSpFRCP0SfiEN6jmj59UnW/n46BH5rLB71So=
gopkg.in/check.v1 v0.0.0-20161208181325-20d25e280405/go.mod h1:Co6ibVJAznAaIkqp8huTwlJQCZ016jof/cbN4VW5Yz0=
gopkg.in/yaml.v2 v2.3.0 h1:clyUAQHOM3G0M3f5vQj7LuJrETvjVot3Z5el9nffUtU=
gopkg.in/yaml.v2 v2.3.0/go.mod h1:hI93XBmqTisBFMUTm0b8Fm+jr3Dg1NNxqwp+5A1VGuI=
